
Microsoft Visual Studio Solution File, Format Version 12.00
# Visual Studio 15
VisualStudioVersion = 15.0.27130.2010
MinimumVisualStudioVersion = 10.0.40219.1
Project("{FAE04EC0-301F-11D3-BF4B-00C04F79EFBC}") = "SafeRant", "SafeRant\SafeRant.csproj", "{D5213403-2B90-449D-86F8-65F058CF9E16}"
EndProject
Global
	GlobalSection(SolutionConfigurationPlatforms) = preSolution
		Debug|Any CPU = Debug|Any CPU
		Release|Any CPU = Release|Any CPU
	EndGlobalSection
	GlobalSection(ProjectConfigurationPlatforms) = postSolution
		{D5213403-2B90-449D-86F8-65F058CF9E16}.Debug|Any CPU.ActiveCfg = Debug|Any CPU
		{D5213403-2B90-449D-86F8-65F058CF9E16}.Debug|Any CPU.Build.0 = Debug|Any CPU
		{D5213403-2B90-449D-86F8-65F058CF9E16}.Release|Any CPU.ActiveCfg = Release|Any CPU
		{D5213403-2B90-449D-86F8-65F058CF9E16}.Release|Any CPU.Build.0 = Release|Any CPU
	EndGlobalSection
	GlobalSection(SolutionProperties) = preSolution
		HideSolutionNode = FALSE
	EndGlobalSection
	GlobalSection(ExtensibilityGlobals) = postSolution
		SolutionGuid = {7AF4B9D5-F187-44F8-8D78-AD6C78095267}
	EndGlobalSection
EndGlobal
